
Microsoft Visual Studio Solution File, Format Version 12.00
# Visual Studio Version 17
VisualStudioVersion = 17.1.32319.34
MinimumVisualStudioVersion = 10.0.40219.1
Project("{FAE04EC0-301F-11D3-BF4B-00C04F79EFBC}") = "OneWord", "OneWord.csproj", "{201C605A-6883-41F5-8678-BAD179B45594}"
EndProject
Global
	GlobalSection(SolutionConfigurationPlatforms) = preSolution
		Debug|Any CPU = Debug|Any CPU
		Release|Any CPU = Release|Any CPU
	EndGlobalSection
	GlobalSection(ProjectConfigurationPlatforms) = postSolution
		{201C605A-6883-41F5-8678-BAD179B45594}.Debug|Any CPU.ActiveCfg = Debug|Any CPU
		{201C605A-6883-41F5-8678-BAD179B45594}.Debug|Any CPU.Build.0 = Debug|Any CPU
		{201C605A-6883-41F5-8678-BAD179B45594}.Release|Any CPU.ActiveCfg = Release|Any CPU
		{201C605A-6883-41F5-8678-BAD179B45594}.Release|Any CPU.Build.0 = Release|Any CPU
	EndGlobalSection
	GlobalSection(SolutionProperties) = preSolution
		HideSolutionNode = FALSE
	EndGlobalSection
	GlobalSection(ExtensibilityGlobals) = postSolution
		SolutionGuid = {A3FF0587-EB86-4470-BA61-D7F0A16A07F7}
	EndGlobalSection
EndGlobal
